
Microsoft Visual Studio Solution File, Format Version 12.00
# Visual Studio 2013
VisualStudioVersion = 12.0.21005.1
MinimumVisualStudioVersion = 10.0.40219.1
Project("{FAE04EC0-301F-11D3-BF4B-00C04F79EFBC}") = "google-civici-api", "google-civici-api\google-civici-api.csproj", "{F4F05DEC-A3F4-4462-BEA7-5DB4BA5D32E3}"
EndProject
Project("{FAE04EC0-301F-11D3-BF4B-00C04F79EFBC}") = "google-civici-api.Tests", "..\..\..\Users\Danny\Documents\Visual Studio 2013\Projects\google-civici-api\google-civici-api.Tests\google-civici-api.Tests.csproj", "{E0BB660D-FD8B-42E4-90DB-370056882276}"
EndProject
Project("{FAE04EC0-301F-11D3-BF4B-00C04F79EFBC}") = "google-civic-api.Service", "..\google-civic-api.Service\google-civic-api.Service.csproj", "{DB15C113-2474-4B1C-8FE9-F7EAC7923FEA}"
EndProject
Project("{FAE04EC0-301F-11D3-BF4B-00C04F79EFBC}") = "google-civic-api.ViewModel", "google-civic-api.ViewModel\google-civic-api.ViewModel.csproj", "{D7813086-E573-446B-B82E-87C78048103E}"
EndProject
Project("{FAE04EC0-301F-11D3-BF4B-00C04F79EFBC}") = "google-civic-api.Domain", "google-civic-api.Domain\google-civic-api.Domain.csproj", "{BB898F16-A76C-445D-8DA7-CC879497E642}"
EndProject
Project("{FAE04EC0-301F-11D3-BF4B-00C04F79EFBC}") = "google-civic-api.Repository", "google-civic-api.Repository\google-civic-api.Repository.csproj", "{A301944B-F2B9-4D60-B83C-072616E99EE3}"
EndProject
Global
	GlobalSection(SolutionConfigurationPlatforms) = preSolution
		Debug|Any CPU = Debug|Any CPU
		Release|Any CPU = Release|Any CPU
	EndGlobalSection
	GlobalSection(ProjectConfigurationPlatforms) = postSolution
		{F4F05DEC-A3F4-4462-BEA7-5DB4BA5D32E3}.Debug|Any CPU.ActiveCfg = Debug|Any CPU
		{F4F05DEC-A3F4-4462-BEA7-5DB4BA5D32E3}.Debug|Any CPU.Build.0 = Debug|Any CPU
		{F4F05DEC-A3F4-4462-BEA7-5DB4BA5D32E3}.Release|Any CPU.ActiveCfg = Release|Any CPU
		{F4F05DEC-A3F4-4462-BEA7-5DB4BA5D32E3}.Release|Any CPU.Build.0 = Release|Any CPU
		{E0BB660D-FD8B-42E4-90DB-370056882276}.Debug|Any CPU.ActiveCfg = Debug|Any CPU
		{E0BB660D-FD8B-42E4-90DB-370056882276}.Debug|Any CPU.Build.0 = Debug|Any CPU
		{E0BB660D-FD8B-42E4-90DB-370056882276}.Release|Any CPU.ActiveCfg = Release|Any CPU
		{E0BB660D-FD8B-42E4-90DB-370056882276}.Release|Any CPU.Build.0 = Release|Any CPU
		{DB15C113-2474-4B1C-8FE9-F7EAC7923FEA}.Debug|Any CPU.ActiveCfg = Debug|Any CPU
		{DB15C113-2474-4B1C-8FE9-F7EAC7923FEA}.Debug|Any CPU.Build.0 = Debug|Any CPU
		{DB15C113-2474-4B1C-8FE9-F7EAC7923FEA}.Release|Any CPU.ActiveCfg = Release|Any CPU
		{DB15C113-2474-4B1C-8FE9-F7EAC7923FEA}.Release|Any CPU.Build.0 = Release|Any CPU
		{D7813086-E573-446B-B82E-87C78048103E}.Debug|Any CPU.ActiveCfg = Debug|Any CPU
		{D7813086-E573-446B-B82E-87C78048103E}.Debug|Any CPU.Build.0 = Debug|Any CPU
		{D7813086-E573-446B-B82E-87C78048103E}.Release|Any CPU.ActiveCfg = Release|Any CPU
		{D7813086-E573-446B-B82E-87C78048103E}.Release|Any CPU.Build.0 = Release|Any CPU
		{BB898F16-A76C-445D-8DA7-CC879497E642}.Debug|Any CPU.ActiveCfg = Debug|Any CPU
		{BB898F16-A76C-445D-8DA7-CC879497E642}.Debug|Any CPU.Build.0 = Debug|Any CPU
		{BB898F16-A76C-445D-8DA7-CC879497E642}.Release|Any CPU.ActiveCfg = Release|Any CPU
		{BB898F16-A76C-445D-8DA7-CC879497E642}.Release|Any CPU.Build.0 = Release|Any CPU
		{A301944B-F2B9-4D60-B83C-072616E99EE3}.Debug|Any CPU.ActiveCfg = Debug|Any CPU
		{A301944B-F2B9-4D60-B83C-072616E99EE3}.Debug|Any CPU.Build.0 = Debug|Any CPU
		{A301944B-F2B9-4D60-B83C-072616E99EE3}.Release|Any CPU.ActiveCfg = Release|Any CPU
		{A301944B-F2B9-4D60-B83C-072616E99EE3}.Release|Any CPU.Build.0 = Release|Any CPU
	EndGlobalSection
	GlobalSection(SolutionProperties) = preSolution
		HideSolutionNode = FALSE
	EndGlobalSection
EndGlobal
